
Microsoft Visual Studio Solution File, Format Version 12.00
# Visual Studio 15
Project("{FAE04EC0-301F-11D3-BF4B-00C04F79EFBC}") = "Fruity Bomb", "Assembly-CSharp.csproj", "{C1EB8443-EED5-0350-2A5D-298BBD5E15D2}"
EndProject
Global
	GlobalSection(SolutionConfigurationPlatforms) = preSolution
		Debug|Any CPU = Debug|Any CPU
		Release|Any CPU = Release|Any CPU
	EndGlobalSection
	GlobalSection(ProjectConfigurationPlatforms) = postSolution
		{C1EB8443-EED5-0350-2A5D-298BBD5E15D2}.Debug|Any CPU.ActiveCfg = Debug|Any CPU
		{C1EB8443-EED5-0350-2A5D-298BBD5E15D2}.Debug|Any CPU.Build.0 = Debug|Any CPU
		{C1EB8443-EED5-0350-2A5D-298BBD5E15D2}.Release|Any CPU.ActiveCfg = Release|Any CPU
		{C1EB8443-EED5-0350-2A5D-298BBD5E15D2}.Release|Any CPU.Build.0 = Release|Any CPU
	EndGlobalSection
	GlobalSection(SolutionProperties) = preSolution
		HideSolutionNode = FALSE
	EndGlobalSection
EndGlobal
